
Microsoft Visual Studio Solution File, Format Version 12.00
# Visual Studio Version 17
VisualStudioVersion = 17.4.33110.190
MinimumVisualStudioVersion = 10.0.40219.1
Project("{FAE04EC0-301F-11D3-BF4B-00C04F79EFBC}") = "XlPrinterUserController", "XlPrinterUserController.csproj", "{3EAAB69E-928D-408E-804B-8535281EDCB1}"
EndProject
Global
	GlobalSection(SolutionConfigurationPlatforms) = preSolution
		Debug|Any CPU = Debug|Any CPU
		Release|Any CPU = Release|Any CPU
	EndGlobalSection
	GlobalSection(ProjectConfigurationPlatforms) = postSolution
		{3EAAB69E-928D-408E-804B-8535281EDCB1}.Debug|Any CPU.ActiveCfg = Debug|Any CPU
		{3EAAB69E-928D-408E-804B-8535281EDCB1}.Debug|Any CPU.Build.0 = Debug|Any CPU
		{3EAAB69E-928D-408E-804B-8535281EDCB1}.Release|Any CPU.ActiveCfg = Release|Any CPU
		{3EAAB69E-928D-408E-804B-8535281EDCB1}.Release|Any CPU.Build.0 = Release|Any CPU
	EndGlobalSection
	GlobalSection(SolutionProperties) = preSolution
		HideSolutionNode = FALSE
	EndGlobalSection
	GlobalSection(ExtensibilityGlobals) = postSolution
		SolutionGuid = {B83FCD35-6CDC-4665-B0AD-D2FE1AC7A0BC}
	EndGlobalSection
EndGlobal
